# This file is generated by running "yarn install" inside your project.
# Manual changes might be lost - proceed with caution!

__metadata:
  version: 8
  cacheKey: 10

"@bufbuild/protobuf@npm:^2.0.0":
  version: 2.0.0
  resolution: "@bufbuild/protobuf@npm:2.0.0"
  checksum: 10/a46ed4d329ce14e162b0ffe0b7f7db7c21ea5174757b5c1ce7bd8a84509603932d5ba51efeaa895fb2ecbf4e10e8c10f4fbf65f880f9a5abe00929ebd850e18e
  languageName: node
  linkType: hard

"@protobufjs/aspromise@npm:^1.1.1, @protobufjs/aspromise@npm:^1.1.2":
  version: 1.1.2
  resolution: "@protobufjs/aspromise@npm:1.1.2"
  checksum: 10/8a938d84fe4889411296db66b29287bd61ea3c14c2d23e7a8325f46a2b8ce899857c5f038d65d7641805e6c1d06b495525c7faf00c44f85a7ee6476649034969
  languageName: node
  linkType: hard

"@protobufjs/base64@npm:^1.1.2":
  version: 1.1.2
  resolution: "@protobufjs/base64@npm:1.1.2"
  checksum: 10/c71b100daeb3c9bdccab5cbc29495b906ba0ae22ceedc200e1ba49717d9c4ab15a6256839cebb6f9c6acae4ed7c25c67e0a95e734f612b258261d1a3098fe342
  languageName: node
  linkType: hard

"@protobufjs/codegen@npm:^2.0.4":
  version: 2.0.4
  resolution: "@protobufjs/codegen@npm:2.0.4"
  checksum: 10/c6ee5fa172a8464f5253174d3c2353ea520c2573ad7b6476983d9b1346f4d8f2b44aa29feb17a949b83c1816bc35286a5ea265ed9d8fdd2865acfa09668c0447
  languageName: node
  linkType: hard

"@protobufjs/eventemitter@npm:^1.1.0":
  version: 1.1.0
  resolution: "@protobufjs/eventemitter@npm:1.1.0"
  checksum: 10/03af3e99f17ad421283d054c88a06a30a615922a817741b43ca1b13e7c6b37820a37f6eba9980fb5150c54dba6e26cb6f7b64a6f7d8afa83596fafb3afa218c3
  languageName: node
  linkType: hard

"@protobufjs/fetch@npm:^1.1.0":
  version: 1.1.0
  resolution: "@protobufjs/fetch@npm:1.1.0"
  dependencies:
    "@protobufjs/aspromise": "npm:^1.1.1"
    "@protobufjs/inquire": "npm:^1.1.0"
  checksum: 10/67ae40572ad536e4ef94269199f252c024b66e3059850906bdaee161ca1d75c73d04d35cd56f147a8a5a079f5808e342b99e61942c1dae15604ff0600b09a958
  languageName: node
  linkType: hard

"@protobufjs/float@npm:^1.0.2":
  version: 1.0.2
  resolution: "@protobufjs/float@npm:1.0.2"
  checksum: 10/634c2c989da0ef2f4f19373d64187e2a79f598c5fb7991afb689d29a2ea17c14b796b29725945fa34b9493c17fb799e08ac0a7ccaae460ee1757d3083ed35187
  languageName: node
  linkType: hard

"@protobufjs/inquire@npm:^1.1.0":
  version: 1.1.0
  resolution: "@protobufjs/inquire@npm:1.1.0"
  checksum: 10/c09efa34a5465cb120775e1a482136f2340a58b4abce7e93d72b8b5a9324a0e879275016ef9fcd73d72a4731639c54f2bb755bb82f916e4a78892d1d840bb3d2
  languageName: node
  linkType: hard

"@protobufjs/path@npm:^1.1.2":
  version: 1.1.2
  resolution: "@protobufjs/path@npm:1.1.2"
  checksum: 10/bb709567935fd385a86ad1f575aea98131bbd719c743fb9b6edd6b47ede429ff71a801cecbd64fc72deebf4e08b8f1bd8062793178cdaed3713b8d15771f9b83
  languageName: node
  linkType: hard

"@protobufjs/pool@npm:^1.1.0":
  version: 1.1.0
  resolution: "@protobufjs/pool@npm:1.1.0"
  checksum: 10/b9c7047647f6af28e92aac54f6f7c1f7ff31b201b4bfcc7a415b2861528854fce3ec666d7e7e10fd744da905f7d4aef2205bbcc8944ca0ca7a82e18134d00c46
  languageName: node
  linkType: hard

"@protobufjs/utf8@npm:^1.1.0":
  version: 1.1.0
  resolution: "@protobufjs/utf8@npm:1.1.0"
  checksum: 10/131e289c57534c1d73a0e55782d6751dd821db1583cb2f7f7e017c9d6747addaebe79f28120b2e0185395d990aad347fb14ffa73ef4096fa38508d61a0e64602
  languageName: node
  linkType: hard

"@types/node@npm:>=13.7.0":
  version: 17.0.38
  resolution: "@types/node@npm:17.0.38"
  checksum: 10/b08e2c95c59a7f6122a0871345cdde285ce3b6682417bf59898bac32a858985749fb350de4185032e772f4bf44c267ced900200a5c5a3f25d45e6bd583b335fe
  languageName: node
  linkType: hard

"case-anything@npm:^2.1.13":
  version: 2.1.13
  resolution: "case-anything@npm:2.1.13"
  checksum: 10/a034cd0a33d0eedfc623f09bc62d72bb2d9a4f127340add5dfea27cfb74fc67497197db90b6843fa5e966ee7dc772f53ed641c5b74d975271a973a8316a14ac3
  languageName: node
  linkType: hard

"detect-libc@npm:^1.0.3":
  version: 1.0.3
  resolution: "detect-libc@npm:1.0.3"
  bin:
    detect-libc: ./bin/detect-libc.js
  checksum: 10/3849fe7720feb153e4ac9407086956e073f1ce1704488290ef0ca8aab9430a8d48c8a9f8351889e7cdc64e5b1128589501e4fef48f3a4a49ba92cd6d112d0757
  languageName: node
  linkType: hard

"dprint-node@npm:^1.0.8":
  version: 1.0.8
  resolution: "dprint-node@npm:1.0.8"
  dependencies:
    detect-libc: "npm:^1.0.3"
  checksum: 10/c4d33416ca5cf37918abb6247d62d7442aacaf0c7cf2936592c33598b7a4823edac23ac5ef4fecfb5f95d6306ce289c2c282a2ee864885678b1b08b89490b325
  languageName: node
  linkType: hard

"long@npm:^5.0.0, long@npm:^5.2.3":
  version: 5.2.3
  resolution: "long@npm:5.2.3"
  checksum: 10/9167ec6947a825b827c30da169a7384eec6c0c9ec2f0b9c74da2e93d81159bbe39fb09c3f13dae9721d4b807ccfa09797a7dd1012f5d478e3e33ca3c78b608e6
  languageName: node
  linkType: hard

"protobufjs@npm:^7.2.4":
  version: 7.2.4
  resolution: "protobufjs@npm:7.2.4"
  dependencies:
    "@protobufjs/aspromise": "npm:^1.1.2"
    "@protobufjs/base64": "npm:^1.1.2"
    "@protobufjs/codegen": "npm:^2.0.4"
    "@protobufjs/eventemitter": "npm:^1.1.0"
    "@protobufjs/fetch": "npm:^1.1.0"
    "@protobufjs/float": "npm:^1.0.2"
    "@protobufjs/inquire": "npm:^1.1.0"
    "@protobufjs/path": "npm:^1.1.2"
    "@protobufjs/pool": "npm:^1.1.0"
    "@protobufjs/utf8": "npm:^1.1.0"
    "@types/node": "npm:>=13.7.0"
    long: "npm:^5.0.0"
  checksum: 10/6972bd0a372abdbd43e20e14e9692695b92adcd0b746e73e8deb8880ce78abe4a30303a05160f5d0a5fc3dd0b7b6157cc8a06418da364fc7091f965724ca0443
  languageName: node
  linkType: hard

"ts-poet@npm:^6.7.0":
  version: 6.9.0
  resolution: "ts-poet@npm:6.9.0"
  dependencies:
    dprint-node: "npm:^1.0.8"
  checksum: 10/104a76f67c646aaafb74269299bd2356cd6f8c4d58a857b5833a8e90e531dee530c29a11c40233828e8a12f6c3af76859e0039287e3a8ee61adcf30f4634acfd
  languageName: node
  linkType: hard

"ts-proto-descriptors@npm:1.16.0":
  version: 1.16.0
  resolution: "ts-proto-descriptors@npm:1.16.0"
  dependencies:
    long: "npm:^5.2.3"
    protobufjs: "npm:^7.2.4"
  checksum: 10/29eb74af50b39a3679a0ad5dbf0adec5209b911b342f2d1df4642ad520aebc083f3529b628049e9dd64f6ea95e22789ca0ffc2887b965f649267110dd785a8ca
  languageName: node
  linkType: hard

"ts-proto-descriptors@workspace:.":
  version: 0.0.0-use.local
  resolution: "ts-proto-descriptors@workspace:."
  dependencies:
    "@bufbuild/protobuf": "npm:^2.0.0"
    ts-proto: "npm:^2.0.0"
    typescript: "npm:^5.1.3"
  languageName: unknown
  linkType: soft

"ts-proto@npm:^2.0.0":
  version: 2.0.3
  resolution: "ts-proto@npm:2.0.3"
  dependencies:
    "@bufbuild/protobuf": "npm:^2.0.0"
    case-anything: "npm:^2.1.13"
    ts-poet: "npm:^6.7.0"
    ts-proto-descriptors: "npm:1.16.0"
  bin:
    protoc-gen-ts_proto: protoc-gen-ts_proto
  checksum: 10/b5509e642a81e2dbe2ae97786b7c368e10333d6f8ba7fb157bc601454ddbebcbd30f7f2b4999356cdf555000ad36fc983cf2e9a7174b0f6ede04c23826f2f095
  languageName: node
  linkType: hard

"typescript@npm:^5.1.3":
  version: 5.1.6
  resolution: "typescript@npm:5.1.6"
  bin:
    tsc: bin/tsc
    tsserver: bin/tsserver
  checksum: 10/f347cde665cf43dc4c1c7d9821c7d9bbec3c3914f4bdd82ee490e9fb9f6d99036ed8666463b6a192dd005eeef333c5087d5931bdd51ec853436ff9a670a7417e
  languageName: node
  linkType: hard

"typescript@patch:typescript@npm%3A^5.1.3#optional!builtin<compat/typescript>":
  version: 5.1.6
  resolution: "typescript@patch:typescript@npm%3A5.1.6#optional!builtin<compat/typescript>::version=5.1.6&hash=5da071"
  bin:
    tsc: bin/tsc
    tsserver: bin/tsserver
  checksum: 10/f5481fa3ba0eee8970f46708d13c05650a865ad093b586fc9573f425c64c57ca97e3308e110bb528deb3ccebe83f6fd7b5a8ac90018038da96326a9ccdf8e77c
  languageName: node
  linkType: hard
