# This file is generated by running "yarn install" inside your project.
# Manual changes might be lost - proceed with caution!

__metadata:
  version: 6
  cacheKey: 8

"@protobufjs/aspromise@npm:^1.1.1, @protobufjs/aspromise@npm:^1.1.2":
  version: 1.1.2
  resolution: "@protobufjs/aspromise@npm:1.1.2"
  checksum: 011fe7ef0826b0fd1a95935a033a3c0fd08483903e1aa8f8b4e0704e3233406abb9ee25350ec0c20bbecb2aad8da0dcea58b392bbd77d6690736f02c143865d2
  languageName: node
  linkType: hard

"@protobufjs/base64@npm:^1.1.2":
  version: 1.1.2
  resolution: "@protobufjs/base64@npm:1.1.2"
  checksum: 67173ac34de1e242c55da52c2f5bdc65505d82453893f9b51dc74af9fe4c065cf4a657a4538e91b0d4a1a1e0a0642215e31894c31650ff6e3831471061e1ee9e
  languageName: node
  linkType: hard

"@protobufjs/codegen@npm:^2.0.4":
  version: 2.0.4
  resolution: "@protobufjs/codegen@npm:2.0.4"
  checksum: 59240c850b1d3d0b56d8f8098dd04787dcaec5c5bd8de186fa548de86b86076e1c50e80144b90335e705a044edf5bc8b0998548474c2a10a98c7e004a1547e4b
  languageName: node
  linkType: hard

"@protobufjs/eventemitter@npm:^1.1.0":
  version: 1.1.0
  resolution: "@protobufjs/eventemitter@npm:1.1.0"
  checksum: 0369163a3d226851682f855f81413cbf166cd98f131edb94a0f67f79e75342d86e89df9d7a1df08ac28be2bc77e0a7f0200526bb6c2a407abbfee1f0262d5fd7
  languageName: node
  linkType: hard

"@protobufjs/fetch@npm:^1.1.0":
  version: 1.1.0
  resolution: "@protobufjs/fetch@npm:1.1.0"
  dependencies:
    "@protobufjs/aspromise": ^1.1.1
    "@protobufjs/inquire": ^1.1.0
  checksum: 3fce7e09eb3f1171dd55a192066450f65324fd5f7cc01a431df01bb00d0a895e6bfb5b0c5561ce157ee1d886349c90703d10a4e11a1a256418ff591b969b3477
  languageName: node
  linkType: hard

"@protobufjs/float@npm:^1.0.2":
  version: 1.0.2
  resolution: "@protobufjs/float@npm:1.0.2"
  checksum: 5781e1241270b8bd1591d324ca9e3a3128d2f768077a446187a049e36505e91bc4156ed5ac3159c3ce3d2ba3743dbc757b051b2d723eea9cd367bfd54ab29b2f
  languageName: node
  linkType: hard

"@protobufjs/inquire@npm:^1.1.0":
  version: 1.1.0
  resolution: "@protobufjs/inquire@npm:1.1.0"
  checksum: ca06f02eaf65ca36fb7498fc3492b7fc087bfcc85c702bac5b86fad34b692bdce4990e0ef444c1e2aea8c034227bd1f0484be02810d5d7e931c55445555646f4
  languageName: node
  linkType: hard

"@protobufjs/path@npm:^1.1.2":
  version: 1.1.2
  resolution: "@protobufjs/path@npm:1.1.2"
  checksum: 856eeb532b16a7aac071cacde5c5620df800db4c80cee6dbc56380524736205aae21e5ae47739114bf669ab5e8ba0e767a282ad894f3b5e124197cb9224445ee
  languageName: node
  linkType: hard

"@protobufjs/pool@npm:^1.1.0":
  version: 1.1.0
  resolution: "@protobufjs/pool@npm:1.1.0"
  checksum: d6a34fbbd24f729e2a10ee915b74e1d77d52214de626b921b2d77288bd8f2386808da2315080f2905761527cceffe7ec34c7647bd21a5ae41a25e8212ff79451
  languageName: node
  linkType: hard

"@protobufjs/utf8@npm:^1.1.0":
  version: 1.1.0
  resolution: "@protobufjs/utf8@npm:1.1.0"
  checksum: f9bf3163d13aaa3b6f5e6fbf37a116e094ea021c0e1f2a7ccd0e12a29e2ce08dafba4e8b36e13f8ed7397e1591610ce880ed1289af4d66cf4ace8a36a9557278
  languageName: node
  linkType: hard

"@types/long@npm:^4.0.1":
  version: 4.0.1
  resolution: "@types/long@npm:4.0.1"
  checksum: ff9653c33f5000d0f131fd98a950a0343e2e33107dd067a97ac4a3b9678e1a2e39ea44772ad920f54ef6e8f107f76bc92c2584ba905a0dc4253282a4101166d0
  languageName: node
  linkType: hard

"@types/node@npm:>=13.7.0":
  version: 17.0.38
  resolution: "@types/node@npm:17.0.38"
  checksum: 9db1c39d603850ced665ab60b8f8ebce674ff9d762dfff0f776d520e71e4d73fdcd4c7f69213b804d878cf3e726911b09cae4ee66e35ae2724538de9f4838681
  languageName: node
  linkType: hard

"@types/object-hash@npm:^3.0.2":
  version: 3.0.2
  resolution: "@types/object-hash@npm:3.0.2"
  checksum: 0332e59074e7df2e74c093a7419c05c1e1c5ae1e12d3779f3240b3031835ff045b4ac591362be0b411ace24d3b5e760386b434761c33af25904f7a3645cb3785
  languageName: node
  linkType: hard

"case-anything@npm:^2.1.10":
  version: 2.1.10
  resolution: "case-anything@npm:2.1.10"
  checksum: eff2769d7da178115be8ac2617ccbb850664ffd36f0a897e000d9dd5a64300141128f6a8fe024bd98ec63cc9173a72c1426bbcaac328c8a44109ce15f7c14a5e
  languageName: node
  linkType: hard

"dataloader@npm:^1.4.0":
  version: 1.4.0
  resolution: "dataloader@npm:1.4.0"
  checksum: e2c93d43afde68980efc0cd9ff48e9851116e27a9687f863e02b56d46f7e7868cc762cd6dcbaf4197e1ca850a03651510c165c2ae24b8e9843fd894002ad0e20
  languageName: node
  linkType: hard

"detect-libc@npm:^1.0.3":
  version: 1.0.3
  resolution: "detect-libc@npm:1.0.3"
  bin:
    detect-libc: ./bin/detect-libc.js
  checksum: daaaed925ffa7889bd91d56e9624e6c8033911bb60f3a50a74a87500680652969dbaab9526d1e200a4c94acf80fc862a22131841145a0a8482d60a99c24f4a3e
  languageName: node
  linkType: hard

"dprint-node@npm:^1.0.7":
  version: 1.0.7
  resolution: "dprint-node@npm:1.0.7"
  dependencies:
    detect-libc: ^1.0.3
  checksum: cd29f8e2b7de334273b4f53d24072718139635408b015963bcc80829cc785a84591462585b5b569791c8b1420c5672bec7499bda70d7298c58c8a3f43796e659
  languageName: node
  linkType: hard

"long@npm:^4.0.0":
  version: 4.0.0
  resolution: "long@npm:4.0.0"
  checksum: 16afbe8f749c7c849db1f4de4e2e6a31ac6e617cead3bdc4f9605cb703cd20e1e9fc1a7baba674ffcca57d660a6e5b53a9e236d7b25a295d3855cca79cc06744
  languageName: node
  linkType: hard

"long@npm:^5.0.0":
  version: 5.2.3
  resolution: "long@npm:5.2.3"
  checksum: 885ede7c3de4facccbd2cacc6168bae3a02c3e836159ea4252c87b6e34d40af819824b2d4edce330bfb5c4d6e8ce3ec5864bdcf9473fa1f53a4f8225860e5897
  languageName: node
  linkType: hard

"object-hash@npm:^3.0.0":
  version: 3.0.0
  resolution: "object-hash@npm:3.0.0"
  checksum: 80b4904bb3857c52cc1bfd0b52c0352532ca12ed3b8a6ff06a90cd209dfda1b95cee059a7625eb9da29537027f68ac4619363491eedb2f5d3dddbba97494fd6c
  languageName: node
  linkType: hard

"protobufjs@npm:^6.8.8":
  version: 6.11.3
  resolution: "protobufjs@npm:6.11.3"
  dependencies:
    "@protobufjs/aspromise": ^1.1.2
    "@protobufjs/base64": ^1.1.2
    "@protobufjs/codegen": ^2.0.4
    "@protobufjs/eventemitter": ^1.1.0
    "@protobufjs/fetch": ^1.1.0
    "@protobufjs/float": ^1.0.2
    "@protobufjs/inquire": ^1.1.0
    "@protobufjs/path": ^1.1.2
    "@protobufjs/pool": ^1.1.0
    "@protobufjs/utf8": ^1.1.0
    "@types/long": ^4.0.1
    "@types/node": ">=13.7.0"
    long: ^4.0.0
  bin:
    pbjs: bin/pbjs
    pbts: bin/pbts
  checksum: 4a6ce1964167e4c45c53fd8a312d7646415c777dd31b4ba346719947b88e61654912326101f927da387d6b6473ab52a7ea4f54d6f15d63b31130ce28e2e15070
  languageName: node
  linkType: hard

"protobufjs@npm:^7.2.4":
  version: 7.2.4
  resolution: "protobufjs@npm:7.2.4"
  dependencies:
    "@protobufjs/aspromise": ^1.1.2
    "@protobufjs/base64": ^1.1.2
    "@protobufjs/codegen": ^2.0.4
    "@protobufjs/eventemitter": ^1.1.0
    "@protobufjs/fetch": ^1.1.0
    "@protobufjs/float": ^1.0.2
    "@protobufjs/inquire": ^1.1.0
    "@protobufjs/path": ^1.1.2
    "@protobufjs/pool": ^1.1.0
    "@protobufjs/utf8": ^1.1.0
    "@types/node": ">=13.7.0"
    long: ^5.0.0
  checksum: a952cdf2a5e5250c16ae651b570849b6f5b20a5475c3eef63ffb290ad239aa2916adfc1cc676f7fc93c69f48113df268761c0c246f7f023118c85bdd1a170044
  languageName: node
  linkType: hard

"ts-poet@npm:^6.4.1":
  version: 6.4.1
  resolution: "ts-poet@npm:6.4.1"
  dependencies:
    dprint-node: ^1.0.7
  checksum: 2595caa15fe374b4dd5e1c09fd26b3d5e2fa24ef6153c25a41a4c01ed999682daed9e5753ead72862a099d197dc2bf8827b083632abc78754d9f0d55462f3e55
  languageName: node
  linkType: hard

"ts-proto-descriptors@npm:1.9.0":
  version: 1.9.0
  resolution: "ts-proto-descriptors@npm:1.9.0"
  dependencies:
    long: ^4.0.0
    protobufjs: ^6.8.8
  checksum: 6818c03c7688db0ceb74d3b5108b127afa2994854113fbb599de4e7610d0c725601feb9ba0d8cd718a2f9d729172865d80d0b0797995b6515e03c5df69bf793c
  languageName: node
  linkType: hard

"ts-proto-descriptors@workspace:.":
  version: 0.0.0-use.local
  resolution: "ts-proto-descriptors@workspace:."
  dependencies:
    long: ^4.0.0
    protobufjs: ^7.2.4
    ts-proto: ^1.153.0
    typescript: ^5.1.3
  languageName: unknown
  linkType: soft

"ts-proto@npm:^1.153.0":
  version: 1.153.0
  resolution: "ts-proto@npm:1.153.0"
  dependencies:
    "@types/object-hash": ^3.0.2
    case-anything: ^2.1.10
    dataloader: ^1.4.0
    object-hash: ^3.0.0
    protobufjs: ^7.2.4
    ts-poet: ^6.4.1
    ts-proto-descriptors: 1.9.0
  bin:
    protoc-gen-ts_proto: protoc-gen-ts_proto
  checksum: 1c0a933f0c28f13acde9c138c2eb54cd806d4fd8869a1c06d803a23828793abc830da81c3a096a1ede4fbb26791cf8da70a2524868cc654bce22c3a43e5d1640
  languageName: node
  linkType: hard

"typescript@npm:^5.1.3":
  version: 5.1.6
  resolution: "typescript@npm:5.1.6"
  bin:
    tsc: bin/tsc
    tsserver: bin/tsserver
  checksum: b2f2c35096035fe1f5facd1e38922ccb8558996331405eb00a5111cc948b2e733163cc22fab5db46992aba7dd520fff637f2c1df4996ff0e134e77d3249a7350
  languageName: node
  linkType: hard

"typescript@patch:typescript@^5.1.3#~builtin<compat/typescript>":
  version: 5.1.6
  resolution: "typescript@patch:typescript@npm%3A5.1.6#~builtin<compat/typescript>::version=5.1.6&hash=5da071"
  bin:
    tsc: bin/tsc
    tsserver: bin/tsserver
  checksum: f53bfe97f7c8b2b6d23cf572750d4e7d1e0c5fff1c36d859d0ec84556a827b8785077bc27676bf7e71fae538e517c3ecc0f37e7f593be913d884805d931bc8be
  languageName: node
  linkType: hard
