{
  "requires": true,
  "lockfileVersion": 1,
  "dependencies": {
    "@improbable-eng/grpc-web": {
      "version": "0.13.0",
      "resolved": "https://registry.npmjs.org/@improbable-eng/grpc-web/-/grpc-web-0.13.0.tgz",
      "integrity": "sha512-vaxxT+Qwb7GPqDQrBV4vAAfH0HywgOLw6xGIKXd9Q8hcV63CQhmS3p4+pZ9/wVvt4Ph3ZDK9fdC983b9aGMUFg==",
      "requires": {
        "browser-headers": "^0.4.0"
      }
    },
    "@improbable-eng/grpc-web-node-http-transport": {
      "version": "0.13.0",
      "resolved": "https://registry.npmjs.org/@improbable-eng/grpc-web-node-http-transport/-/grpc-web-node-http-transport-0.13.0.tgz",
      "integrity": "sha512-Ev8pfMs7FbsBWc4FAY8N4dd8xQRowHFyu2AzEHl++8orrB4KSx6NonMqlsLDPBHLKwlYs7EEI6uxGwpjnYiS2Q=="
    },
    "browser-headers": {
      "version": "0.4.1",
      "resolved": "https://registry.npmjs.org/browser-headers/-/browser-headers-0.4.1.tgz",
      "integrity": "sha512-CA9hsySZVo9371qEHjHZtYxV2cFtVj5Wj/ZHi8ooEsrtm4vOnl9Y9HmyYWk9q+05d7K3rdoAE0j3MVEFVvtQtg=="
    },
    "google-protobuf": {
      "version": "3.13.0",
      "resolved": "https://registry.npmjs.org/google-protobuf/-/google-protobuf-3.13.0.tgz",
      "integrity": "sha512-ZIf3qfLFayVrPvAjeKKxO5FRF1/NwRxt6Dko+fWEMuHwHbZx8/fcaAao9b0wCM6kr8qeg2te8XTpyuvKuD9aKw=="
    },
    "ts-protoc-gen": {
      "version": "0.12.0",
      "resolved": "https://registry.npmjs.org/ts-protoc-gen/-/ts-protoc-gen-0.12.0.tgz",
      "integrity": "sha512-V7jnICJxKqalBrnJSMTW5tB9sGi48gOC325bfcM7TDNUItVOlaMM//rQmuo49ybipk/SyJTnWXgtJnhHCevNJw==",
      "requires": {
        "google-protobuf": "^3.6.1"
      }
    },
    "typescript": {
      "version": "3.9.7",
      "resolved": "https://registry.npmjs.org/typescript/-/typescript-3.9.7.tgz",
      "integrity": "sha512-BLbiRkiBzAwsjut4x/dsibSTB6yWpwT5qWmC2OfuCg3GgVQCSgMs4vEctYPhsaGtd0AeuuHMkjZ2h2WG8MSzRw=="
    }
  }
}
