{
  "name": "grpc-web",
  "version": "1.0.0",
  "lockfileVersion": 1,
  "requires": true,
  "dependencies": {
    "@improbable-eng/grpc-web": {
      "version": "0.13.0",
      "resolved": "https://registry.npmjs.org/@improbable-eng/grpc-web/-/grpc-web-0.13.0.tgz",
      "integrity": "sha512-vaxxT+Qwb7GPqDQrBV4vAAfH0HywgOLw6xGIKXd9Q8hcV63CQhmS3p4+pZ9/wVvt4Ph3ZDK9fdC983b9aGMUFg==",
      "requires": {
        "browser-headers": "^0.4.0"
      }
    },
    "@improbable-eng/grpc-web-node-http-transport": {
      "version": "0.13.0",
      "resolved": "https://registry.npmjs.org/@improbable-eng/grpc-web-node-http-transport/-/grpc-web-node-http-transport-0.13.0.tgz",
      "integrity": "sha512-Ev8pfMs7FbsBWc4FAY8N4dd8xQRowHFyu2AzEHl++8orrB4KSx6NonMqlsLDPBHLKwlYs7EEI6uxGwpjnYiS2Q=="
    },
    "@types/google-protobuf": {
      "version": "3.7.3",
      "resolved": "https://registry.npmjs.org/@types/google-protobuf/-/google-protobuf-3.7.3.tgz",
      "integrity": "sha512-FRwj40euE2bYkG+0X5w2nEA8yAzgJRcEa7RBd0Gsdkb9/tPM2pctVVAvnOUTbcXo2VmIHPo0Ae94Gl9vRHfKzg=="
    },
    "browser-headers": {
      "version": "0.4.1",
      "resolved": "https://registry.npmjs.org/browser-headers/-/browser-headers-0.4.1.tgz",
      "integrity": "sha512-CA9hsySZVo9371qEHjHZtYxV2cFtVj5Wj/ZHi8ooEsrtm4vOnl9Y9HmyYWk9q+05d7K3rdoAE0j3MVEFVvtQtg=="
    },
    "google-protobuf": {
      "version": "3.13.0",
      "resolved": "https://registry.npmjs.org/google-protobuf/-/google-protobuf-3.13.0.tgz",
      "integrity": "sha512-ZIf3qfLFayVrPvAjeKKxO5FRF1/NwRxt6Dko+fWEMuHwHbZx8/fcaAao9b0wCM6kr8qeg2te8XTpyuvKuD9aKw=="
    },
    "ts-protoc-gen": {
      "version": "0.13.0",
      "resolved": "https://registry.npmjs.org/ts-protoc-gen/-/ts-protoc-gen-0.13.0.tgz",
      "integrity": "sha512-j18X4rkDBbG/ZHUJy88WFeZP6mStGow5uREaohowlHXTu3/N7WcpyPhb7Vh6wN38ERmc/AkT9gqT98+vtlRhJA==",
      "requires": {
        "google-protobuf": "^3.6.1"
      }
    }
  }
}
